# This file is automatically @generated by Cargo.
# It is not intended for manual editing.
version = 4

[[package]]
name = "meshble"
version = "0.1.0"
dependencies = [
 "meshble-core",
 "meshble-macros",
 "meshble-schema",
]

[[package]]
name = "meshble-core"
version = "0.1.0"
dependencies = [
 "semver",
]

[[package]]
name = "meshble-macros"
version = "0.1.0"

[[package]]
name = "meshble-mod-sales"
version = "1.0.0"
dependencies = [
 "meshble",
]

[[package]]
name = "meshble-schema"
version = "0.1.0"
dependencies = [
 "meshble-core",
]

[[package]]
name = "semver"
version = "1.0.28"
source = "registry+https://github.com/rust-lang/crates.io-index"
checksum = "8a7852d02fc848982e0c167ef163aaff9cd91dc640ba85e263cb1ce46fae51cd"
